// !$*UTF8*$!
{
	archiveVersion = 1;
	classes = {
	};
	objectVersion = 77;
	objects = {

/* Begin PBXBuildFile section */
		66FDEE2A2F8D3A3D00CAF43C /* WidgetKit.framework in Frameworks */ = {isa = PBXBuildFile; fileRef = 66FDEE292F8D3A3D00CAF43C /* WidgetKit.framework */; };
		66FDEE2C2F8D3A3D00CAF43C /* SwiftUI.framework in Frameworks */ = {isa = PBXBuildFile; fileRef = 66FDEE2B2F8D3A3D00CAF43C /* SwiftUI.framework */; };
		66FDEE4F2F8D495D00CAF43C /* Models.swift in Sources */ = {isa = PBXBuildFile; fileRef = 66FDEE4B2F8D495D00CAF43C /* Models.swift */; };
		66FDEE502F8D495D00CAF43C /* ResetCalculator.swift in Sources */ = {isa = PBXBuildFile; fileRef = 66FDEE4C2F8D495D00CAF43C /* ResetCalculator.swift */; };
		66FDEE512F8D495D00CAF43C /* Store.swift in Sources */ = {isa = PBXBuildFile; fileRef = 66FDEE4D2F8D495D00CAF43C /* Store.swift */; };
		66FDEE522F8D495D00CAF43C /* AppConfig.swift in Sources */ = {isa = PBXBuildFile; fileRef = 66FDEE4A2F8D495D00CAF43C /* AppConfig.swift */; };
		66FDEE532F8D495D00CAF43C /* Models.swift in Sources */ = {isa = PBXBuildFile; fileRef = 66FDEE4B2F8D495D00CAF43C /* Models.swift */; };
		66FDEE542F8D495D00CAF43C /* ResetCalculator.swift in Sources */ = {isa = PBXBuildFile; fileRef = 66FDEE4C2F8D495D00CAF43C /* ResetCalculator.swift */; };
		66FDEE552F8D495D00CAF43C /* Store.swift in Sources */ = {isa = PBXBuildFile; fileRef = 66FDEE4D2F8D495D00CAF43C /* Store.swift */; };
		66FDEE562F8D495D00CAF43C /* AppConfig.swift in Sources */ = {isa = PBXBuildFile; fileRef = 66FDEE4A2F8D495D00CAF43C /* AppConfig.swift */; };
		66FDEE892F912EB900CAF43C /* おでかけチェッカーウィジェットWidgetExtension.appex in Embed Foundation Extensions */ = {isa = PBXBuildFile; fileRef = 66FDEE882F912D3E00CAF43C /* おでかけチェッカーウィジェットWidgetExtension.appex */; settings = {ATTRIBUTES = (RemoveHeadersOnCopy, ); }; };
		66FDEEC12F9A421300CAF43C /* Localization.swift in Sources */ = {isa = PBXBuildFile; fileRef = 66FDEEC02F9A421300CAF43C /* Localization.swift */; };
		66FDEEC22F9A421300CAF43C /* Localization.swift in Sources */ = {isa = PBXBuildFile; fileRef = 66FDEEC02F9A421300CAF43C /* Localization.swift */; };
		66FDEECA2F9A5B1500CAF43C /* InfoPlist.strings in Sources */ = {isa = PBXBuildFile; fileRef = 66FDEEC92F9A5B1500CAF43C /* InfoPlist.strings */; };
		66FDEECB2F9A5B1500CAF43C /* InfoPlist.strings in Sources */ = {isa = PBXBuildFile; fileRef = 66FDEEC92F9A5B1500CAF43C /* InfoPlist.strings */; };
		66FDEEDC2FA0D1E600CAF43C /* OutingCheckerWidget Watch App.app in Embed Watch Content */ = {isa = PBXBuildFile; fileRef = 66FDEED22FA0D1E500CAF43C /* OutingCheckerWidget Watch App.app */; settings = {ATTRIBUTES = (RemoveHeadersOnCopy, ); }; };
		66FDEEFB2FA21CF800CAF43C /* InfoPlist.strings in Resources */ = {isa = PBXBuildFile; fileRef = 66FDEEC92F9A5B1500CAF43C /* InfoPlist.strings */; };
/* End PBXBuildFile section */

/* Begin PBXContainerItemProxy section */
		66FDEE352F8D3A3E00CAF43C /* PBXContainerItemProxy */ = {
			isa = PBXContainerItemProxy;
			containerPortal = 66FDEE0D2F8D015F00CAF43C /* Project object */;
			proxyType = 1;
			remoteGlobalIDString = 66FDEE262F8D3A3D00CAF43C;
			remoteInfo = OutingCheckerWidgetExtension;
		};
		66FDEEDA2FA0D1E600CAF43C /* PBXContainerItemProxy */ = {
			isa = PBXContainerItemProxy;
			containerPortal = 66FDEE0D2F8D015F00CAF43C /* Project object */;
			proxyType = 1;
			remoteGlobalIDString = 66FDEED12FA0D1E500CAF43C;
			remoteInfo = "OutingCheckerWidget Watch App";
		};
		66FDEF2E2FA24DC500CAF43C /* PBXContainerItemProxy */ = {
			isa = PBXContainerItemProxy;
			containerPortal = 66FDEE0D2F8D015F00CAF43C /* Project object */;
			proxyType = 1;
			remoteGlobalIDString = 66FDEED12FA0D1E500CAF43C;
			remoteInfo = "OutingCheckerWidget Watch App";
		};
/* End PBXContainerItemProxy section */

/* Begin PBXCopyFilesBuildPhase section */
		66FDEE3C2F8D3A3E00CAF43C /* Embed Foundation Extensions */ = {
			isa = PBXCopyFilesBuildPhase;
			buildActionMask = 2147483647;
			dstPath = "";
			dstSubfolderSpec = 13;
			files = (
				66FDEE892F912EB900CAF43C /* おでかけチェッカーウィジェットWidgetExtension.appex in Embed Foundation Extensions */,
			);
			name = "Embed Foundation Extensions";
			runOnlyForDeploymentPostprocessing = 0;
		};
		66FDEEE02FA0D1E600CAF43C /* Embed Watch Content */ = {
			isa = PBXCopyFilesBuildPhase;
			buildActionMask = 2147483647;
			dstPath = "$(CONTENTS_FOLDER_PATH)/Watch";
			dstSubfolderSpec = 16;
			files = (
				66FDEEDC2FA0D1E600CAF43C /* OutingCheckerWidget Watch App.app in Embed Watch Content */,
			);
			name = "Embed Watch Content";
			runOnlyForDeploymentPostprocessing = 0;
		};
		66FDEF4A2FA2505700CAF43C /* Embed Foundation Extensions */ = {
			isa = PBXCopyFilesBuildPhase;
			buildActionMask = 2147483647;
			dstPath = "";
			dstSubfolderSpec = 13;
			files = (
			);
			name = "Embed Foundation Extensions";
			runOnlyForDeploymentPostprocessing = 0;
		};
/* End PBXCopyFilesBuildPhase section */

/* Begin PBXFileReference section */
		66FDEE152F8D015F00CAF43C /* おでかけチェッカーウィジェット.app */ = {isa = PBXFileReference; explicitFileType = wrapper.application; includeInIndex = 0; path = "おでかけチェッカーウィジェット.app"; sourceTree = BUILT_PRODUCTS_DIR; };
		66FDEE292F8D3A3D00CAF43C /* WidgetKit.framework */ = {isa = PBXFileReference; lastKnownFileType = wrapper.framework; name = WidgetKit.framework; path = System/Library/Frameworks/WidgetKit.framework; sourceTree = SDKROOT; };
		66FDEE2B2F8D3A3D00CAF43C /* SwiftUI.framework */ = {isa = PBXFileReference; lastKnownFileType = wrapper.framework; name = SwiftUI.framework; path = System/Library/Frameworks/SwiftUI.framework; sourceTree = SDKROOT; };
		66FDEE4A2F8D495D00CAF43C /* AppConfig.swift */ = {isa = PBXFileReference; lastKnownFileType = sourcecode.swift; path = AppConfig.swift; sourceTree = "<group>"; };
		66FDEE4B2F8D495D00CAF43C /* Models.swift */ = {isa = PBXFileReference; lastKnownFileType = sourcecode.swift; path = Models.swift; sourceTree = "<group>"; };
		66FDEE4C2F8D495D00CAF43C /* ResetCalculator.swift */ = {isa = PBXFileReference; lastKnownFileType = sourcecode.swift; path = ResetCalculator.swift; sourceTree = "<group>"; };
		66FDEE4D2F8D495D00CAF43C /* Store.swift */ = {isa = PBXFileReference; lastKnownFileType = sourcecode.swift; path = Store.swift; sourceTree = "<group>"; };
		66FDEE702F8FCDE200CAF43C /* PRIVACY_POLICY.md */ = {isa = PBXFileReference; lastKnownFileType = net.daringfireball.markdown; path = PRIVACY_POLICY.md; sourceTree = "<group>"; };
		66FDEE712F8FCE1800CAF43C /* LICENSE.txt */ = {isa = PBXFileReference; lastKnownFileType = text; path = LICENSE.txt; sourceTree = "<group>"; };
		66FDEE722F8FCE3000CAF43C /* README.md */ = {isa = PBXFileReference; lastKnownFileType = net.daringfireball.markdown; path = README.md; sourceTree = "<group>"; };
		66FDEE882F912D3E00CAF43C /* おでかけチェッカーウィジェットWidgetExtension.appex */ = {isa = PBXFileReference; explicitFileType = "wrapper.app-extension"; includeInIndex = 0; path = "おでかけチェッカーウィジェットWidgetExtension.appex"; sourceTree = BUILT_PRODUCTS_DIR; };
		66FDEEC02F9A421300CAF43C /* Localization.swift */ = {isa = PBXFileReference; lastKnownFileType = sourcecode.swift; path = Localization.swift; sourceTree = "<group>"; };
		66FDEEC82F9A5B1500CAF43C /* ja */ = {isa = PBXFileReference; lastKnownFileType = text.plist.strings; name = ja; path = ja.lproj/InfoPlist.strings; sourceTree = "<group>"; };
		66FDEECC2F9A5B1800CAF43C /* en */ = {isa = PBXFileReference; lastKnownFileType = text.plist.strings; name = en; path = en.lproj/InfoPlist.strings; sourceTree = "<group>"; };
		66FDEECD2F9A5B1800CAF43C /* ko */ = {isa = PBXFileReference; lastKnownFileType = text.plist.strings; name = ko; path = ko.lproj/InfoPlist.strings; sourceTree = "<group>"; };
		66FDEED22FA0D1E500CAF43C /* OutingCheckerWidget Watch App.app */ = {isa = PBXFileReference; explicitFileType = wrapper.application; includeInIndex = 0; path = "OutingCheckerWidget Watch App.app"; sourceTree = BUILT_PRODUCTS_DIR; };
/* End PBXFileReference section */

/* Begin PBXFileSystemSynchronizedBuildFileExceptionSet section */
		66FDF00F2FA2599600CAF43C /* Exceptions for "OutingCheckerWidget" folder in "おでかけチェッカーウィジェット" target */ = {
			isa = PBXFileSystemSynchronizedBuildFileExceptionSet;
			membershipExceptions = (
				"/Localized: OutingCheckerWidgetExtension.entitlements",
			);
			target = 66FDEE142F8D015F00CAF43C /* おでかけチェッカーウィジェット */;
		};
		66FDF0102FA2599600CAF43C /* Exceptions for "OutingCheckerWidget" folder in "おでかけチェッカーウィジェットWidgetExtension" target */ = {
			isa = PBXFileSystemSynchronizedBuildFileExceptionSet;
			membershipExceptions = (
				"/Localized: OutingCheckerWidgetExtension.entitlements",
			);
			target = 66FDEE262F8D3A3D00CAF43C /* おでかけチェッカーウィジェットWidgetExtension */;
		};
		66FDF0112FA2599600CAF43C /* Exceptions for "OutingCheckerWidget" folder in "OutingCheckerWidget Watch App" target */ = {
			isa = PBXFileSystemSynchronizedBuildFileExceptionSet;
			membershipExceptions = (
				"/Localized: OutingCheckerWidgetExtension.entitlements",
			);
			target = 66FDEED12FA0D1E500CAF43C /* OutingCheckerWidget Watch App */;
		};
/* End PBXFileSystemSynchronizedBuildFileExceptionSet section */

/* Begin PBXFileSystemSynchronizedRootGroup section */
		66FDEE172F8D015F00CAF43C /* OutingChecker */ = {
			isa = PBXFileSystemSynchronizedRootGroup;
			path = OutingChecker;
			sourceTree = "<group>";
		};
		66FDEE2D2F8D3A3D00CAF43C /* OutingCheckerWidget */ = {
			isa = PBXFileSystemSynchronizedRootGroup;
			exceptions = (
				66FDF00F2FA2599600CAF43C /* Exceptions for "OutingCheckerWidget" folder in "おでかけチェッカーウィジェット" target */,
				66FDF0102FA2599600CAF43C /* Exceptions for "OutingCheckerWidget" folder in "おでかけチェッカーウィジェットWidgetExtension" target */,
				66FDF0112FA2599600CAF43C /* Exceptions for "OutingCheckerWidget" folder in "OutingCheckerWidget Watch App" target */,
			);
			path = OutingCheckerWidget;
			sourceTree = "<group>";
		};
		66FDEED32FA0D1E500CAF43C /* OutingCheckerWidget Watch App */ = {
			isa = PBXFileSystemSynchronizedRootGroup;
			path = "OutingCheckerWidget Watch App";
			sourceTree = "<group>";
		};
/* End PBXFileSystemSynchronizedRootGroup section */

/* Begin PBXFrameworksBuildPhase section */
		66FDEE122F8D015F00CAF43C /* Frameworks */ = {
			isa = PBXFrameworksBuildPhase;
			buildActionMask = 2147483647;
			files = (
			);
			runOnlyForDeploymentPostprocessing = 0;
		};
		66FDEE242F8D3A3D00CAF43C /* Frameworks */ = {
			isa = PBXFrameworksBuildPhase;
			buildActionMask = 2147483647;
			files = (
				66FDEE2C2F8D3A3D00CAF43C /* SwiftUI.framework in Frameworks */,
				66FDEE2A2F8D3A3D00CAF43C /* WidgetKit.framework in Frameworks */,
			);
			runOnlyForDeploymentPostprocessing = 0;
		};
		66FDEECF2FA0D1E500CAF43C /* Frameworks */ = {
			isa = PBXFrameworksBuildPhase;
			buildActionMask = 2147483647;
			files = (
			);
			runOnlyForDeploymentPostprocessing = 0;
		};
/* End PBXFrameworksBuildPhase section */

/* Begin PBXGroup section */
		66FDEE0C2F8D015F00CAF43C = {
			isa = PBXGroup;
			children = (
				66FDEEC92F9A5B1500CAF43C /* InfoPlist.strings */,
				66FDEE172F8D015F00CAF43C /* OutingChecker */,
				66FDEE2D2F8D3A3D00CAF43C /* OutingCheckerWidget */,
				66FDEED32FA0D1E500CAF43C /* OutingCheckerWidget Watch App */,
				66FDEE282F8D3A3D00CAF43C /* Frameworks */,
				66FDEE162F8D015F00CAF43C /* Products */,
				66FDEE4E2F8D495D00CAF43C /* Shared */,
				66FDEE702F8FCDE200CAF43C /* PRIVACY_POLICY.md */,
				66FDEE712F8FCE1800CAF43C /* LICENSE.txt */,
				66FDEE722F8FCE3000CAF43C /* README.md */,
			);
			sourceTree = "<group>";
		};
		66FDEE162F8D015F00CAF43C /* Products */ = {
			isa = PBXGroup;
			children = (
				66FDEE152F8D015F00CAF43C /* おでかけチェッカーウィジェット.app */,
				66FDEE882F912D3E00CAF43C /* おでかけチェッカーウィジェットWidgetExtension.appex */,
				66FDEED22FA0D1E500CAF43C /* OutingCheckerWidget Watch App.app */,
			);
			name = Products;
			sourceTree = "<group>";
		};
		66FDEE282F8D3A3D00CAF43C /* Frameworks */ = {
			isa = PBXGroup;
			children = (
				66FDEE292F8D3A3D00CAF43C /* WidgetKit.framework */,
				66FDEE2B2F8D3A3D00CAF43C /* SwiftUI.framework */,
			);
			name = Frameworks;
			sourceTree = "<group>";
		};
		66FDEE4E2F8D495D00CAF43C /* Shared */ = {
			isa = PBXGroup;
			children = (
				66FDEEC02F9A421300CAF43C /* Localization.swift */,
				66FDEE4A2F8D495D00CAF43C /* AppConfig.swift */,
				66FDEE4B2F8D495D00CAF43C /* Models.swift */,
				66FDEE4C2F8D495D00CAF43C /* ResetCalculator.swift */,
				66FDEE4D2F8D495D00CAF43C /* Store.swift */,
			);
			path = Shared;
			sourceTree = "<group>";
		};
/* End PBXGroup section */

/* Begin PBXNativeTarget section */
		66FDEE142F8D015F00CAF43C /* おでかけチェッカーウィジェット */ = {
			isa = PBXNativeTarget;
			buildConfigurationList = 66FDEE202F8D016000CAF43C /* Build configuration list for PBXNativeTarget "おでかけチェッカーウィジェット" */;
			buildPhases = (
				66FDEE112F8D015F00CAF43C /* Sources */,
				66FDEE122F8D015F00CAF43C /* Frameworks */,
				66FDEE132F8D015F00CAF43C /* Resources */,
				66FDEE3C2F8D3A3E00CAF43C /* Embed Foundation Extensions */,
				66FDEEE02FA0D1E600CAF43C /* Embed Watch Content */,
			);
			buildRules = (
			);
			dependencies = (
				66FDEE362F8D3A3E00CAF43C /* PBXTargetDependency */,
				66FDEEDB2FA0D1E600CAF43C /* PBXTargetDependency */,
				66FDEF2F2FA24DC500CAF43C /* PBXTargetDependency */,
			);
			fileSystemSynchronizedGroups = (
				66FDEE172F8D015F00CAF43C /* OutingChecker */,
				66FDEE2D2F8D3A3D00CAF43C /* OutingCheckerWidget */,
				66FDEED32FA0D1E500CAF43C /* OutingCheckerWidget Watch App */,
			);
			name = "おでかけチェッカーウィジェット";
			packageProductDependencies = (
			);
			productName = OutingChecker;
			productReference = 66FDEE152F8D015F00CAF43C /* おでかけチェッカーウィジェット.app */;
			productType = "com.apple.product-type.application";
		};
		66FDEE262F8D3A3D00CAF43C /* おでかけチェッカーウィジェットWidgetExtension */ = {
			isa = PBXNativeTarget;
			buildConfigurationList = 66FDEE392F8D3A3E00CAF43C /* Build configuration list for PBXNativeTarget "おでかけチェッカーウィジェットWidgetExtension" */;
			buildPhases = (
				66FDEE232F8D3A3D00CAF43C /* Sources */,
				66FDEE242F8D3A3D00CAF43C /* Frameworks */,
				66FDEE252F8D3A3D00CAF43C /* Resources */,
			);
			buildRules = (
			);
			dependencies = (
			);
			fileSystemSynchronizedGroups = (
				66FDEE172F8D015F00CAF43C /* OutingChecker */,
				66FDEE2D2F8D3A3D00CAF43C /* OutingCheckerWidget */,
				66FDEED32FA0D1E500CAF43C /* OutingCheckerWidget Watch App */,
			);
			name = "おでかけチェッカーウィジェットWidgetExtension";
			packageProductDependencies = (
			);
			productName = OutingCheckerWidgetExtension;
			productReference = 66FDEE882F912D3E00CAF43C /* おでかけチェッカーウィジェットWidgetExtension.appex */;
			productType = "com.apple.product-type.app-extension";
		};
		66FDEED12FA0D1E500CAF43C /* OutingCheckerWidget Watch App */ = {
			isa = PBXNativeTarget;
			buildConfigurationList = 66FDEEDD2FA0D1E600CAF43C /* Build configuration list for PBXNativeTarget "OutingCheckerWidget Watch App" */;
			buildPhases = (
				66FDEECE2FA0D1E500CAF43C /* Sources */,
				66FDEECF2FA0D1E500CAF43C /* Frameworks */,
				66FDEED02FA0D1E500CAF43C /* Resources */,
				66FDEF4A2FA2505700CAF43C /* Embed Foundation Extensions */,
			);
			buildRules = (
			);
			dependencies = (
			);
			fileSystemSynchronizedGroups = (
				66FDEE172F8D015F00CAF43C /* OutingChecker */,
				66FDEE2D2F8D3A3D00CAF43C /* OutingCheckerWidget */,
				66FDEED32FA0D1E500CAF43C /* OutingCheckerWidget Watch App */,
			);
			name = "OutingCheckerWidget Watch App";
			packageProductDependencies = (
			);
			productName = "OutingCheckerWidget Watch App";
			productReference = 66FDEED22FA0D1E500CAF43C /* OutingCheckerWidget Watch App.app */;
			productType = "com.apple.product-type.application";
		};
/* End PBXNativeTarget section */

/* Begin PBXProject section */
		66FDEE0D2F8D015F00CAF43C /* Project object */ = {
			isa = PBXProject;
			attributes = {
				BuildIndependentTargetsInParallel = 1;
				LastSwiftUpdateCheck = 2600;
				LastUpgradeCheck = 2600;
				TargetAttributes = {
					66FDEE142F8D015F00CAF43C = {
						CreatedOnToolsVersion = 26.0.1;
						LastSwiftMigration = 2600;
					};
					66FDEE262F8D3A3D00CAF43C = {
						CreatedOnToolsVersion = 26.0.1;
					};
					66FDEED12FA0D1E500CAF43C = {
						CreatedOnToolsVersion = 26.0.1;
					};
				};
			};
			buildConfigurationList = 66FDEE102F8D015F00CAF43C /* Build configuration list for PBXProject "おでかけチェッカーウィジェット" */;
			developmentRegion = ja;
			hasScannedForEncodings = 0;
			knownRegions = (
				en,
				Base,
				ja,
				ko,
			);
			mainGroup = 66FDEE0C2F8D015F00CAF43C;
			minimizedProjectReferenceProxies = 1;
			preferredProjectObjectVersion = 77;
			productRefGroup = 66FDEE162F8D015F00CAF43C /* Products */;
			projectDirPath = "";
			projectRoot = "";
			targets = (
				66FDEE142F8D015F00CAF43C /* おでかけチェッカーウィジェット */,
				66FDEE262F8D3A3D00CAF43C /* おでかけチェッカーウィジェットWidgetExtension */,
				66FDEED12FA0D1E500CAF43C /* OutingCheckerWidget Watch App */,
			);
		};
/* End PBXProject section */

/* Begin PBXResourcesBuildPhase section */
		66FDEE132F8D015F00CAF43C /* Resources */ = {
			isa = PBXResourcesBuildPhase;
			buildActionMask = 2147483647;
			files = (
			);
			runOnlyForDeploymentPostprocessing = 0;
		};
		66FDEE252F8D3A3D00CAF43C /* Resources */ = {
			isa = PBXResourcesBuildPhase;
			buildActionMask = 2147483647;
			files = (
			);
			runOnlyForDeploymentPostprocessing = 0;
		};
		66FDEED02FA0D1E500CAF43C /* Resources */ = {
			isa = PBXResourcesBuildPhase;
			buildActionMask = 2147483647;
			files = (
				66FDEEFB2FA21CF800CAF43C /* InfoPlist.strings in Resources */,
			);
			runOnlyForDeploymentPostprocessing = 0;
		};
/* End PBXResourcesBuildPhase section */

/* Begin PBXSourcesBuildPhase section */
		66FDEE112F8D015F00CAF43C /* Sources */ = {
			isa = PBXSourcesBuildPhase;
			buildActionMask = 2147483647;
			files = (
				66FDEE4F2F8D495D00CAF43C /* Models.swift in Sources */,
				66FDEE502F8D495D00CAF43C /* ResetCalculator.swift in Sources */,
				66FDEECA2F9A5B1500CAF43C /* InfoPlist.strings in Sources */,
				66FDEEC22F9A421300CAF43C /* Localization.swift in Sources */,
				66FDEE512F8D495D00CAF43C /* Store.swift in Sources */,
				66FDEE522F8D495D00CAF43C /* AppConfig.swift in Sources */,
			);
			runOnlyForDeploymentPostprocessing = 0;
		};
		66FDEE232F8D3A3D00CAF43C /* Sources */ = {
			isa = PBXSourcesBuildPhase;
			buildActionMask = 2147483647;
			files = (
				66FDEECB2F9A5B1500CAF43C /* InfoPlist.strings in Sources */,
				66FDEE532F8D495D00CAF43C /* Models.swift in Sources */,
				66FDEE542F8D495D00CAF43C /* ResetCalculator.swift in Sources */,
				66FDEE552F8D495D00CAF43C /* Store.swift in Sources */,
				66FDEEC12F9A421300CAF43C /* Localization.swift in Sources */,
				66FDEE562F8D495D00CAF43C /* AppConfig.swift in Sources */,
			);
			runOnlyForDeploymentPostprocessing = 0;
		};
		66FDEECE2FA0D1E500CAF43C /* Sources */ = {
			isa = PBXSourcesBuildPhase;
			buildActionMask = 2147483647;
			files = (
			);
			runOnlyForDeploymentPostprocessing = 0;
		};
/* End PBXSourcesBuildPhase section */

/* Begin PBXTargetDependency section */
		66FDEE362F8D3A3E00CAF43C /* PBXTargetDependency */ = {
			isa = PBXTargetDependency;
			target = 66FDEE262F8D3A3D00CAF43C /* おでかけチェッカーウィジェットWidgetExtension */;
			targetProxy = 66FDEE352F8D3A3E00CAF43C /* PBXContainerItemProxy */;
		};
		66FDEEDB2FA0D1E600CAF43C /* PBXTargetDependency */ = {
			isa = PBXTargetDependency;
			target = 66FDEED12FA0D1E500CAF43C /* OutingCheckerWidget Watch App */;
			targetProxy = 66FDEEDA2FA0D1E600CAF43C /* PBXContainerItemProxy */;
		};
		66FDEF2F2FA24DC500CAF43C /* PBXTargetDependency */ = {
			isa = PBXTargetDependency;
			target = 66FDEED12FA0D1E500CAF43C /* OutingCheckerWidget Watch App */;
			targetProxy = 66FDEF2E2FA24DC500CAF43C /* PBXContainerItemProxy */;
		};
/* End PBXTargetDependency section */

/* Begin PBXVariantGroup section */
		66FDEEC92F9A5B1500CAF43C /* InfoPlist.strings */ = {
			isa = PBXVariantGroup;
			children = (
				66FDEEC82F9A5B1500CAF43C /* ja */,
				66FDEECC2F9A5B1800CAF43C /* en */,
				66FDEECD2F9A5B1800CAF43C /* ko */,
			);
			name = InfoPlist.strings;
			sourceTree = "<group>";
		};
/* End PBXVariantGroup section */

/* Begin XCBuildConfiguration section */
		66FDEE1E2F8D016000CAF43C /* Debug */ = {
			isa = XCBuildConfiguration;
			buildSettings = {
				ALWAYS_SEARCH_USER_PATHS = NO;
				ASSETCATALOG_COMPILER_GENERATE_SWIFT_ASSET_SYMBOL_EXTENSIONS = YES;
				CLANG_ANALYZER_NONNULL = YES;
				CLANG_ANALYZER_NUMBER_OBJECT_CONVERSION = YES_AGGRESSIVE;
				CLANG_CXX_LANGUAGE_STANDARD = "gnu++20";
				CLANG_ENABLE_MODULES = YES;
				CLANG_ENABLE_OBJC_ARC = YES;
				CLANG_ENABLE_OBJC_WEAK = YES;
				CLANG_WARN_BLOCK_CAPTURE_AUTORELEASING = YES;
				CLANG_WARN_BOOL_CONVERSION = YES;
				CLANG_WARN_COMMA = YES;
				CLANG_WARN_CONSTANT_CONVERSION = YES;
				CLANG_WARN_DEPRECATED_OBJC_IMPLEMENTATIONS = YES;
				CLANG_WARN_DIRECT_OBJC_ISA_USAGE = YES_ERROR;
				CLANG_WARN_DOCUMENTATION_COMMENTS = YES;
				CLANG_WARN_EMPTY_BODY = YES;
				CLANG_WARN_ENUM_CONVERSION = YES;
				CLANG_WARN_INFINITE_RECURSION = YES;
				CLANG_WARN_INT_CONVERSION = YES;
				CLANG_WARN_NON_LITERAL_NULL_CONVERSION = YES;
				CLANG_WARN_OBJC_IMPLICIT_RETAIN_SELF = YES;
				CLANG_WARN_OBJC_LITERAL_CONVERSION = YES;
				CLANG_WARN_OBJC_ROOT_CLASS = YES_ERROR;
				CLANG_WARN_QUOTED_INCLUDE_IN_FRAMEWORK_HEADER = YES;
				CLANG_WARN_RANGE_LOOP_ANALYSIS = YES;
				CLANG_WARN_STRICT_PROTOTYPES = YES;
				CLANG_WARN_SUSPICIOUS_MOVE = YES;
				CLANG_WARN_UNGUARDED_AVAILABILITY = YES_AGGRESSIVE;
				CLANG_WARN_UNREACHABLE_CODE = YES;
				CLANG_WARN__DUPLICATE_METHOD_MATCH = YES;
				COPY_PHASE_STRIP = NO;
				DEBUG_INFORMATION_FORMAT = dwarf;
				DEVELOPMENT_TEAM = KD4SRHRFF6;
				ENABLE_STRICT_OBJC_MSGSEND = YES;
				ENABLE_TESTABILITY = YES;
				ENABLE_USER_SCRIPT_SANDBOXING = YES;
				GCC_C_LANGUAGE_STANDARD = gnu17;
				GCC_DYNAMIC_NO_PIC = NO;
				GCC_NO_COMMON_BLOCKS = YES;
				GCC_OPTIMIZATION_LEVEL = 0;
				GCC_PREPROCESSOR_DEFINITIONS = (
					"DEBUG=1",
					"$(inherited)",
				);
				GCC_WARN_64_TO_32_BIT_CONVERSION = YES;
				GCC_WARN_ABOUT_RETURN_TYPE = YES_ERROR;
				GCC_WARN_UNDECLARED_SELECTOR = YES;
				GCC_WARN_UNINITIALIZED_AUTOS = YES_AGGRESSIVE;
				GCC_WARN_UNUSED_FUNCTION = YES;
				GCC_WARN_UNUSED_VARIABLE = YES;
				IPHONEOS_DEPLOYMENT_TARGET = 17.6;
				LOCALIZATION_PREFERS_STRING_CATALOGS = YES;
				MTL_ENABLE_DEBUG_INFO = INCLUDE_SOURCE;
				MTL_FAST_MATH = YES;
				ONLY_ACTIVE_ARCH = YES;
				SDKROOT = iphoneos;
				SWIFT_ACTIVE_COMPILATION_CONDITIONS = "DEBUG $(inherited)";
				SWIFT_OPTIMIZATION_LEVEL = "-Onone";
			};
			name = Debug;
		};
		66FDEE1F2F8D016000CAF43C /* Release */ = {
			isa = XCBuildConfiguration;
			buildSettings = {
				ALWAYS_SEARCH_USER_PATHS = NO;
				ASSETCATALOG_COMPILER_GENERATE_SWIFT_ASSET_SYMBOL_EXTENSIONS = YES;
				CLANG_ANALYZER_NONNULL = YES;
				CLANG_ANALYZER_NUMBER_OBJECT_CONVERSION = YES_AGGRESSIVE;
				CLANG_CXX_LANGUAGE_STANDARD = "gnu++20";
				CLANG_ENABLE_MODULES = YES;
				CLANG_ENABLE_OBJC_ARC = YES;
				CLANG_ENABLE_OBJC_WEAK = YES;
				CLANG_WARN_BLOCK_CAPTURE_AUTORELEASING = YES;
				CLANG_WARN_BOOL_CONVERSION = YES;
				CLANG_WARN_COMMA = YES;
				CLANG_WARN_CONSTANT_CONVERSION = YES;
				CLANG_WARN_DEPRECATED_OBJC_IMPLEMENTATIONS = YES;
				CLANG_WARN_DIRECT_OBJC_ISA_USAGE = YES_ERROR;
				CLANG_WARN_DOCUMENTATION_COMMENTS = YES;
				CLANG_WARN_EMPTY_BODY = YES;
				CLANG_WARN_ENUM_CONVERSION = YES;
				CLANG_WARN_INFINITE_RECURSION = YES;
				CLANG_WARN_INT_CONVERSION = YES;
				CLANG_WARN_NON_LITERAL_NULL_CONVERSION = YES;
				CLANG_WARN_OBJC_IMPLICIT_RETAIN_SELF = YES;
				CLANG_WARN_OBJC_LITERAL_CONVERSION = YES;
				CLANG_WARN_OBJC_ROOT_CLASS = YES_ERROR;
				CLANG_WARN_QUOTED_INCLUDE_IN_FRAMEWORK_HEADER = YES;
				CLANG_WARN_RANGE_LOOP_ANALYSIS = YES;
				CLANG_WARN_STRICT_PROTOTYPES = YES;
				CLANG_WARN_SUSPICIOUS_MOVE = YES;
				CLANG_WARN_UNGUARDED_AVAILABILITY = YES_AGGRESSIVE;
				CLANG_WARN_UNREACHABLE_CODE = YES;
				CLANG_WARN__DUPLICATE_METHOD_MATCH = YES;
				COPY_PHASE_STRIP = NO;
				DEBUG_INFORMATION_FORMAT = "dwarf-with-dsym";
				DEVELOPMENT_TEAM = KD4SRHRFF6;
				ENABLE_NS_ASSERTIONS = NO;
				ENABLE_STRICT_OBJC_MSGSEND = YES;
				ENABLE_USER_SCRIPT_SANDBOXING = YES;
				GCC_C_LANGUAGE_STANDARD = gnu17;
				GCC_NO_COMMON_BLOCKS = YES;
				GCC_WARN_64_TO_32_BIT_CONVERSION = YES;
				GCC_WARN_ABOUT_RETURN_TYPE = YES_ERROR;
				GCC_WARN_UNDECLARED_SELECTOR = YES;
				GCC_WARN_UNINITIALIZED_AUTOS = YES_AGGRESSIVE;
				GCC_WARN_UNUSED_FUNCTION = YES;
				GCC_WARN_UNUSED_VARIABLE = YES;
				IPHONEOS_DEPLOYMENT_TARGET = 17.6;
				LOCALIZATION_PREFERS_STRING_CATALOGS = YES;
				MTL_ENABLE_DEBUG_INFO = NO;
				MTL_FAST_MATH = YES;
				SDKROOT = iphoneos;
				SWIFT_COMPILATION_MODE = wholemodule;
				VALIDATE_PRODUCT = YES;
			};
			name = Release;
		};
		66FDEE212F8D016000CAF43C /* Debug */ = {
			isa = XCBuildConfiguration;
			buildSettings = {
				ASSETCATALOG_COMPILER_APPICON_NAME = AppIcon;
				ASSETCATALOG_COMPILER_GLOBAL_ACCENT_COLOR_NAME = AccentColor;
				CLANG_ENABLE_MODULES = YES;
				CODE_SIGN_ENTITLEMENTS = OutingChecker/OutingChecker.entitlements;
				CODE_SIGN_STYLE = Automatic;
				CURRENT_PROJECT_VERSION = 4;
				DEVELOPMENT_TEAM = KD4SRHRFF6;
				ENABLE_PREVIEWS = YES;
				GENERATE_INFOPLIST_FILE = YES;
				INFOPLIST_FILE = "------------------Info.plist";
				INFOPLIST_KEY_LSApplicationCategoryType = "";
				INFOPLIST_KEY_UIApplicationSceneManifest_Generation = YES;
				INFOPLIST_KEY_UIApplicationSupportsIndirectInputEvents = YES;
				INFOPLIST_KEY_UILaunchScreen_Generation = YES;
				INFOPLIST_KEY_UIStatusBarStyle = "";
				INFOPLIST_KEY_UISupportedInterfaceOrientations_iPad = "UIInterfaceOrientationPortrait UIInterfaceOrientationPortraitUpsideDown UIInterfaceOrientationLandscapeLeft UIInterfaceOrientationLandscapeRight";
				INFOPLIST_KEY_UISupportedInterfaceOrientations_iPhone = "UIInterfaceOrientationPortrait UIInterfaceOrientationLandscapeLeft UIInterfaceOrientationLandscapeRight";
				IPHONEOS_DEPLOYMENT_TARGET = 17.6;
				LD_RUNPATH_SEARCH_PATHS = (
					"$(inherited)",
					"@executable_path/Frameworks",
				);
				MARKETING_VERSION = 1.3;
				PRODUCT_BUNDLE_IDENTIFIER = com.gmail.abyosida.OutingChecker;
				PRODUCT_NAME = "$(TARGET_NAME)";
				STRING_CATALOG_GENERATE_SYMBOLS = YES;
				SWIFT_APPROACHABLE_CONCURRENCY = YES;
				SWIFT_DEFAULT_ACTOR_ISOLATION = MainActor;
				SWIFT_EMIT_LOC_STRINGS = YES;
				SWIFT_OPTIMIZATION_LEVEL = "-Onone";
				SWIFT_UPCOMING_FEATURE_MEMBER_IMPORT_VISIBILITY = YES;
				SWIFT_VERSION = 5.0;
				TARGETED_DEVICE_FAMILY = "1,2";
			};
			name = Debug;
		};
		66FDEE222F8D016000CAF43C /* Release */ = {
			isa = XCBuildConfiguration;
			buildSettings = {
				ASSETCATALOG_COMPILER_APPICON_NAME = AppIcon;
				ASSETCATALOG_COMPILER_GLOBAL_ACCENT_COLOR_NAME = AccentColor;
				CLANG_ENABLE_MODULES = YES;
				CODE_SIGN_ENTITLEMENTS = OutingChecker/OutingChecker.entitlements;
				CODE_SIGN_STYLE = Automatic;
				CURRENT_PROJECT_VERSION = 4;
				DEVELOPMENT_TEAM = KD4SRHRFF6;
				ENABLE_PREVIEWS = YES;
				GENERATE_INFOPLIST_FILE = YES;
				INFOPLIST_FILE = "------------------Info.plist";
				INFOPLIST_KEY_LSApplicationCategoryType = "";
				INFOPLIST_KEY_UIApplicationSceneManifest_Generation = YES;
				INFOPLIST_KEY_UIApplicationSupportsIndirectInputEvents = YES;
				INFOPLIST_KEY_UILaunchScreen_Generation = YES;
				INFOPLIST_KEY_UIStatusBarStyle = "";
				INFOPLIST_KEY_UISupportedInterfaceOrientations_iPad = "UIInterfaceOrientationPortrait UIInterfaceOrientationPortraitUpsideDown UIInterfaceOrientationLandscapeLeft UIInterfaceOrientationLandscapeRight";
				INFOPLIST_KEY_UISupportedInterfaceOrientations_iPhone = "UIInterfaceOrientationPortrait UIInterfaceOrientationLandscapeLeft UIInterfaceOrientationLandscapeRight";
				IPHONEOS_DEPLOYMENT_TARGET = 17.6;
				LD_RUNPATH_SEARCH_PATHS = (
					"$(inherited)",
					"@executable_path/Frameworks",
				);
				MARKETING_VERSION = 1.3;
				PRODUCT_BUNDLE_IDENTIFIER = com.gmail.abyosida.OutingChecker;
				PRODUCT_NAME = "$(TARGET_NAME)";
				STRING_CATALOG_GENERATE_SYMBOLS = YES;
				SWIFT_APPROACHABLE_CONCURRENCY = YES;
				SWIFT_DEFAULT_ACTOR_ISOLATION = MainActor;
				SWIFT_EMIT_LOC_STRINGS = YES;
				SWIFT_UPCOMING_FEATURE_MEMBER_IMPORT_VISIBILITY = YES;
				SWIFT_VERSION = 5.0;
				TARGETED_DEVICE_FAMILY = "1,2";
			};
			name = Release;
		};
		66FDEE3A2F8D3A3E00CAF43C /* Debug */ = {
			isa = XCBuildConfiguration;
			buildSettings = {
				ASSETCATALOG_COMPILER_GLOBAL_ACCENT_COLOR_NAME = AccentColor;
				ASSETCATALOG_COMPILER_WIDGET_BACKGROUND_COLOR_NAME = WidgetBackground;
				CODE_SIGN_ENTITLEMENTS = OutingCheckerWidget/OutingCheckerWidgetExtension.entitlements;
				CODE_SIGN_STYLE = Automatic;
				CURRENT_PROJECT_VERSION = 4;
				DEVELOPMENT_TEAM = KD4SRHRFF6;
				GENERATE_INFOPLIST_FILE = YES;
				INFOPLIST_FILE = OutingCheckerWidget/Info.plist;
				INFOPLIST_KEY_CFBundleDisplayName = OutingCheckerWidget;
				INFOPLIST_KEY_NSHumanReadableCopyright = "";
				IPHONEOS_DEPLOYMENT_TARGET = 17.6;
				LD_RUNPATH_SEARCH_PATHS = (
					"$(inherited)",
					"@executable_path/Frameworks",
					"@executable_path/../../Frameworks",
				);
				MARKETING_VERSION = 1.3;
				PRODUCT_BUNDLE_IDENTIFIER = com.gmail.abyosida.OutingChecker.OutingCheckerWidget;
				PRODUCT_NAME = "$(TARGET_NAME)";
				SKIP_INSTALL = YES;
				STRING_CATALOG_GENERATE_SYMBOLS = YES;
				SUPPORTED_PLATFORMS = "iphoneos iphonesimulator watchos watchsimulator";
				SUPPORTS_MACCATALYST = NO;
				SWIFT_APPROACHABLE_CONCURRENCY = YES;
				SWIFT_EMIT_LOC_STRINGS = YES;
				SWIFT_UPCOMING_FEATURE_MEMBER_IMPORT_VISIBILITY = YES;
				SWIFT_VERSION = 5.0;
				TARGETED_DEVICE_FAMILY = "1,2,4";
				WATCHOS_DEPLOYMENT_TARGET = 9.6;
			};
			name = Debug;
		};
		66FDEE3B2F8D3A3E00CAF43C /* Release */ = {
			isa = XCBuildConfiguration;
			buildSettings = {
				ASSETCATALOG_COMPILER_GLOBAL_ACCENT_COLOR_NAME = AccentColor;
				ASSETCATALOG_COMPILER_WIDGET_BACKGROUND_COLOR_NAME = WidgetBackground;
				CODE_SIGN_ENTITLEMENTS = OutingCheckerWidget/OutingCheckerWidgetExtension.entitlements;
				CODE_SIGN_STYLE = Automatic;
				CURRENT_PROJECT_VERSION = 4;
				DEVELOPMENT_TEAM = KD4SRHRFF6;
				GENERATE_INFOPLIST_FILE = YES;
				INFOPLIST_FILE = OutingCheckerWidget/Info.plist;
				INFOPLIST_KEY_CFBundleDisplayName = OutingCheckerWidget;
				INFOPLIST_KEY_NSHumanReadableCopyright = "";
				IPHONEOS_DEPLOYMENT_TARGET = 17.6;
				LD_RUNPATH_SEARCH_PATHS = (
					"$(inherited)",
					"@executable_path/Frameworks",
					"@executable_path/../../Frameworks",
				);
				MARKETING_VERSION = 1.3;
				PRODUCT_BUNDLE_IDENTIFIER = com.gmail.abyosida.OutingChecker.OutingCheckerWidget;
				PRODUCT_NAME = "$(TARGET_NAME)";
				SKIP_INSTALL = YES;
				STRING_CATALOG_GENERATE_SYMBOLS = YES;
				SUPPORTED_PLATFORMS = "iphoneos iphonesimulator watchos watchsimulator";
				SUPPORTS_MACCATALYST = NO;
				SWIFT_APPROACHABLE_CONCURRENCY = YES;
				SWIFT_EMIT_LOC_STRINGS = YES;
				SWIFT_UPCOMING_FEATURE_MEMBER_IMPORT_VISIBILITY = YES;
				SWIFT_VERSION = 5.0;
				TARGETED_DEVICE_FAMILY = "1,2,4";
				WATCHOS_DEPLOYMENT_TARGET = 9.6;
			};
			name = Release;
		};
		66FDEEDE2FA0D1E600CAF43C /* Debug */ = {
			isa = XCBuildConfiguration;
			buildSettings = {
				ASSETCATALOG_COMPILER_APPICON_NAME = AppIcon;
				ASSETCATALOG_COMPILER_GLOBAL_ACCENT_COLOR_NAME = AccentColor;
				ASSETCATALOG_COMPILER_INCLUDE_ALL_APPICON_ASSETS = YES;
				CODE_SIGN_ENTITLEMENTS = "OutingCheckerWidget Watch App/OutingCheckerWidget Watch App.entitlements";
				CODE_SIGN_STYLE = Automatic;
				CURRENT_PROJECT_VERSION = 4;
				DEVELOPMENT_TEAM = KD4SRHRFF6;
				ENABLE_PREVIEWS = YES;
				GENERATE_INFOPLIST_FILE = YES;
				INFOPLIST_KEY_CFBundleDisplayName = OutingCheckerWidget;
				INFOPLIST_KEY_UISupportedInterfaceOrientations = "UIInterfaceOrientationPortrait UIInterfaceOrientationPortraitUpsideDown";
				INFOPLIST_KEY_WKCompanionAppBundleIdentifier = com.gmail.abyosida.OutingChecker;
				INFOPLIST_KEY_WKRunsIndependentlyOfCompanionApp = NO;
				LD_RUNPATH_SEARCH_PATHS = (
					"$(inherited)",
					"@executable_path/Frameworks",
				);
				MARKETING_VERSION = 1.3;
				PRODUCT_BUNDLE_IDENTIFIER = com.gmail.abyosida.OutingChecker.watchkitapp;
				PRODUCT_NAME = "$(TARGET_NAME)";
				SDKROOT = watchos;
				SKIP_INSTALL = YES;
				STRING_CATALOG_GENERATE_SYMBOLS = YES;
				SWIFT_APPROACHABLE_CONCURRENCY = YES;
				SWIFT_DEFAULT_ACTOR_ISOLATION = MainActor;
				SWIFT_EMIT_LOC_STRINGS = YES;
				SWIFT_UPCOMING_FEATURE_MEMBER_IMPORT_VISIBILITY = YES;
				SWIFT_VERSION = 5.0;
				TARGETED_DEVICE_FAMILY = 4;
				WATCHOS_DEPLOYMENT_TARGET = 9.6;
			};
			name = Debug;
		};
		66FDEEDF2FA0D1E600CAF43C /* Release */ = {
			isa = XCBuildConfiguration;
			buildSettings = {
				ASSETCATALOG_COMPILER_APPICON_NAME = AppIcon;
				ASSETCATALOG_COMPILER_GLOBAL_ACCENT_COLOR_NAME = AccentColor;
				ASSETCATALOG_COMPILER_INCLUDE_ALL_APPICON_ASSETS = YES;
				CODE_SIGN_ENTITLEMENTS = "OutingCheckerWidget Watch App/OutingCheckerWidget Watch App.entitlements";
				CODE_SIGN_STYLE = Automatic;
				CURRENT_PROJECT_VERSION = 4;
				DEVELOPMENT_TEAM = KD4SRHRFF6;
				ENABLE_PREVIEWS = YES;
				GENERATE_INFOPLIST_FILE = YES;
				INFOPLIST_KEY_CFBundleDisplayName = OutingCheckerWidget;
				INFOPLIST_KEY_UISupportedInterfaceOrientations = "UIInterfaceOrientationPortrait UIInterfaceOrientationPortraitUpsideDown";
				INFOPLIST_KEY_WKCompanionAppBundleIdentifier = com.gmail.abyosida.OutingChecker;
				INFOPLIST_KEY_WKRunsIndependentlyOfCompanionApp = NO;
				LD_RUNPATH_SEARCH_PATHS = (
					"$(inherited)",
					"@executable_path/Frameworks",
				);
				MARKETING_VERSION = 1.3;
				PRODUCT_BUNDLE_IDENTIFIER = com.gmail.abyosida.OutingChecker.watchkitapp;
				PRODUCT_NAME = "$(TARGET_NAME)";
				SDKROOT = watchos;
				SKIP_INSTALL = YES;
				STRING_CATALOG_GENERATE_SYMBOLS = YES;
				SWIFT_APPROACHABLE_CONCURRENCY = YES;
				SWIFT_DEFAULT_ACTOR_ISOLATION = MainActor;
				SWIFT_EMIT_LOC_STRINGS = YES;
				SWIFT_UPCOMING_FEATURE_MEMBER_IMPORT_VISIBILITY = YES;
				SWIFT_VERSION = 5.0;
				TARGETED_DEVICE_FAMILY = 4;
				WATCHOS_DEPLOYMENT_TARGET = 9.6;
			};
			name = Release;
		};
/* End XCBuildConfiguration section */

/* Begin XCConfigurationList section */
		66FDEE102F8D015F00CAF43C /* Build configuration list for PBXProject "おでかけチェッカーウィジェット" */ = {
			isa = XCConfigurationList;
			buildConfigurations = (
				66FDEE1E2F8D016000CAF43C /* Debug */,
				66FDEE1F2F8D016000CAF43C /* Release */,
			);
			defaultConfigurationIsVisible = 0;
			defaultConfigurationName = Release;
		};
		66FDEE202F8D016000CAF43C /* Build configuration list for PBXNativeTarget "おでかけチェッカーウィジェット" */ = {
			isa = XCConfigurationList;
			buildConfigurations = (
				66FDEE212F8D016000CAF43C /* Debug */,
				66FDEE222F8D016000CAF43C /* Release */,
			);
			defaultConfigurationIsVisible = 0;
			defaultConfigurationName = Release;
		};
		66FDEE392F8D3A3E00CAF43C /* Build configuration list for PBXNativeTarget "おでかけチェッカーウィジェットWidgetExtension" */ = {
			isa = XCConfigurationList;
			buildConfigurations = (
				66FDEE3A2F8D3A3E00CAF43C /* Debug */,
				66FDEE3B2F8D3A3E00CAF43C /* Release */,
			);
			defaultConfigurationIsVisible = 0;
			defaultConfigurationName = Release;
		};
		66FDEEDD2FA0D1E600CAF43C /* Build configuration list for PBXNativeTarget "OutingCheckerWidget Watch App" */ = {
			isa = XCConfigurationList;
			buildConfigurations = (
				66FDEEDE2FA0D1E600CAF43C /* Debug */,
				66FDEEDF2FA0D1E600CAF43C /* Release */,
			);
			defaultConfigurationIsVisible = 0;
			defaultConfigurationName = Release;
		};
/* End XCConfigurationList section */
	};
	rootObject = 66FDEE0D2F8D015F00CAF43C /* Project object */;
}
